// !$*UTF8*$!
{
	archiveVersion = 1;
	classes = {
	};
	objectVersion = 46;
	objects = {

/* Begin PBXBuildFile section */
		271671A41CE7B52900E6FA97 /* imageCache.swift in Sources */ = {isa = PBXBuildFile; fileRef = 271671A31CE7B52900E6FA97 /* imageCache.swift */; };
		271671A61CE8CFED00E6FA97 /* CoreDataStackManager.swift in Sources */ = {isa = PBXBuildFile; fileRef = 271671A51CE8CFED00E6FA97 /* CoreDataStackManager.swift */; };
		271671A91CE8D1D100E6FA97 /* Model.xcdatamodeld in Sources */ = {isa = PBXBuildFile; fileRef = 271671A71CE8D1D100E6FA97 /* Model.xcdatamodeld */; };
		EFDBD1B61CCDD0690060DAE4 /* Config.swift in Sources */ = {isa = PBXBuildFile; fileRef = EFDBD1B51CCDD0690060DAE4 /* Config.swift */; };
		EFDBD1B81CCDD0770060DAE4 /* Pin.swift in Sources */ = {isa = PBXBuildFile; fileRef = EFDBD1B71CCDD0770060DAE4 /* Pin.swift */; };
		EFDBD1BA1CCDD0840060DAE4 /* Photo.swift in Sources */ = {isa = PBXBuildFile; fileRef = EFDBD1B91CCDD0840060DAE4 /* Photo.swift */; };
		EFDBD1BC1CCDD0A10060DAE4 /* VTDB.swift in Sources */ = {isa = PBXBuildFile; fileRef = EFDBD1BB1CCDD0A10060DAE4 /* VTDB.swift */; };
		EFDBD1BE1CCDD0BB0060DAE4 /* VTDB-Constants.swift in Sources */ = {isa = PBXBuildFile; fileRef = EFDBD1BD1CCDD0BB0060DAE4 /* VTDB-Constants.swift */; };
		EFE0BCA51CC44A890088E964 /* AppDelegate.swift in Sources */ = {isa = PBXBuildFile; fileRef = EFE0BCA41CC44A890088E964 /* AppDelegate.swift */; };
		EFE0BCA71CC44A890088E964 /* TravelLocationsMapViewController.swift in Sources */ = {isa = PBXBuildFile; fileRef = EFE0BCA61CC44A890088E964 /* TravelLocationsMapViewController.swift */; };
		EFE0BCAA1CC44A890088E964 /* Main.storyboard in Resources */ = {isa = PBXBuildFile; fileRef = EFE0BCA81CC44A890088E964 /* Main.storyboard */; };
		EFE0BCAF1CC44A890088E964 /* Assets.xcassets in Resources */ = {isa = PBXBuildFile; fileRef = EFE0BCAE1CC44A890088E964 /* Assets.xcassets */; };
		EFE0BCB21CC44A890088E964 /* LaunchScreen.storyboard in Resources */ = {isa = PBXBuildFile; fileRef = EFE0BCB01CC44A890088E964 /* LaunchScreen.storyboard */; };
		EFE0BCBD1CC44A890088E964 /* Virtual_TouristTests.swift in Sources */ = {isa = PBXBuildFile; fileRef = EFE0BCBC1CC44A890088E964 /* Virtual_TouristTests.swift */; };
		EFE0BCC81CC44A890088E964 /* Virtual_TouristUITests.swift in Sources */ = {isa = PBXBuildFile; fileRef = EFE0BCC71CC44A890088E964 /* Virtual_TouristUITests.swift */; };
/* End PBXBuildFile section */

/* Begin PBXContainerItemProxy section */
		EFE0BCB91CC44A890088E964 /* PBXContainerItemProxy */ = {
			isa = PBXContainerItemProxy;
			containerPortal = EFE0BC991CC44A890088E964 /* Project object */;
			proxyType = 1;
			remoteGlobalIDString = EFE0BCA01CC44A890088E964;
			remoteInfo = "Virtual Tourist";
		};
		EFE0BCC41CC44A890088E964 /* PBXContainerItemProxy */ = {
			isa = PBXContainerItemProxy;
			containerPortal = EFE0BC991CC44A890088E964 /* Project object */;
			proxyType = 1;
			remoteGlobalIDString = EFE0BCA01CC44A890088E964;
			remoteInfo = "Virtual Tourist";
		};
/* End PBXContainerItemProxy section */

/* Begin PBXFileReference section */
		271671A31CE7B52900E6FA97 /* imageCache.swift */ = {isa = PBXFileReference; fileEncoding = 4; lastKnownFileType = sourcecode.swift; path = imageCache.swift; sourceTree = "<group>"; };
		271671A51CE8CFED00E6FA97 /* CoreDataStackManager.swift */ = {isa = PBXFileReference; fileEncoding = 4; lastKnownFileType = sourcecode.swift; path = CoreDataStackManager.swift; sourceTree = "<group>"; };
		271671A81CE8D1D100E6FA97 /* Model.xcdatamodel */ = {isa = PBXFileReference; lastKnownFileType = wrapper.xcdatamodel; path = Model.xcdatamodel; sourceTree = "<group>"; };
		EFDBD1B51CCDD0690060DAE4 /* Config.swift */ = {isa = PBXFileReference; fileEncoding = 4; lastKnownFileType = sourcecode.swift; path = Config.swift; sourceTree = "<group>"; };
		EFDBD1B71CCDD0770060DAE4 /* Pin.swift */ = {isa = PBXFileReference; fileEncoding = 4; lastKnownFileType = sourcecode.swift; path = Pin.swift; sourceTree = "<group>"; };
		EFDBD1B91CCDD0840060DAE4 /* Photo.swift */ = {isa = PBXFileReference; fileEncoding = 4; lastKnownFileType = sourcecode.swift; path = Photo.swift; sourceTree = "<group>"; };
		EFDBD1BB1CCDD0A10060DAE4 /* VTDB.swift */ = {isa = PBXFileReference; fileEncoding = 4; lastKnownFileType = sourcecode.swift; path = VTDB.swift; sourceTree = "<group>"; };
		EFDBD1BD1CCDD0BB0060DAE4 /* VTDB-Constants.swift */ = {isa = PBXFileReference; fileEncoding = 4; lastKnownFileType = sourcecode.swift; path = "VTDB-Constants.swift"; sourceTree = "<group>"; };
		EFE0BCA11CC44A890088E964 /* Virtual Tourist.app */ = {isa = PBXFileReference; explicitFileType = wrapper.application; includeInIndex = 0; path = "Virtual Tourist.app"; sourceTree = BUILT_PRODUCTS_DIR; };
		EFE0BCA41CC44A890088E964 /* AppDelegate.swift */ = {isa = PBXFileReference; lastKnownFileType = sourcecode.swift; path = AppDelegate.swift; sourceTree = "<group>"; };
		EFE0BCA61CC44A890088E964 /* TravelLocationsMapViewController.swift */ = {isa = PBXFileReference; lastKnownFileType = sourcecode.swift; path = TravelLocationsMapViewController.swift; sourceTree = "<group>"; };
		EFE0BCA91CC44A890088E964 /* Base */ = {isa = PBXFileReference; lastKnownFileType = file.storyboard; name = Base; path = Base.lproj/Main.storyboard; sourceTree = "<group>"; };
		EFE0BCAE1CC44A890088E964 /* Assets.xcassets */ = {isa = PBXFileReference; lastKnownFileType = folder.assetcatalog; path = Assets.xcassets; sourceTree = "<group>"; };
		EFE0BCB11CC44A890088E964 /* Base */ = {isa = PBXFileReference; lastKnownFileType = file.storyboard; name = Base; path = Base.lproj/LaunchScreen.storyboard; sourceTree = "<group>"; };
		EFE0BCB31CC44A890088E964 /* Info.plist */ = {isa = PBXFileReference; lastKnownFileType = text.plist.xml; path = Info.plist; sourceTree = "<group>"; };
		EFE0BCB81CC44A890088E964 /* Virtual TouristTests.xctest */ = {isa = PBXFileReference; explicitFileType = wrapper.cfbundle; includeInIndex = 0; path = "Virtual TouristTests.xctest"; sourceTree = BUILT_PRODUCTS_DIR; };
		EFE0BCBC1CC44A890088E964 /* Virtual_TouristTests.swift */ = {isa = PBXFileReference; lastKnownFileType = sourcecode.swift; path = Virtual_TouristTests.swift; sourceTree = "<group>"; };
		EFE0BCBE1CC44A890088E964 /* Info.plist */ = {isa = PBXFileReference; lastKnownFileType = text.plist.xml; path = Info.plist; sourceTree = "<group>"; };
		EFE0BCC31CC44A890088E964 /* Virtual TouristUITests.xctest */ = {isa = PBXFileReference; explicitFileType = wrapper.cfbundle; includeInIndex = 0; path = "Virtual TouristUITests.xctest"; sourceTree = BUILT_PRODUCTS_DIR; };
		EFE0BCC71CC44A890088E964 /* Virtual_TouristUITests.swift */ = {isa = PBXFileReference; lastKnownFileType = sourcecode.swift; path = Virtual_TouristUITests.swift; sourceTree = "<group>"; };
		EFE0BCC91CC44A890088E964 /* Info.plist */ = {isa = PBXFileReference; lastKnownFileType = text.plist.xml; path = Info.plist; sourceTree = "<group>"; };
/* End PBXFileReference section */

/* Begin PBXFrameworksBuildPhase section */
		EFE0BC9E1CC44A890088E964 /* Frameworks */ = {
			isa = PBXFrameworksBuildPhase;
			buildActionMask = 2147483647;
			files = (
			);
			runOnlyForDeploymentPostprocessing = 0;
		};
		EFE0BCB51CC44A890088E964 /* Frameworks */ = {
			isa = PBXFrameworksBuildPhase;
			buildActionMask = 2147483647;
			files = (
			);
			runOnlyForDeploymentPostprocessing = 0;
		};
		EFE0BCC01CC44A890088E964 /* Frameworks */ = {
			isa = PBXFrameworksBuildPhase;
			buildActionMask = 2147483647;
			files = (
			);
			runOnlyForDeploymentPostprocessing = 0;
		};
/* End PBXFrameworksBuildPhase section */

/* Begin PBXGroup section */
		EFE0BC981CC44A890088E964 = {
			isa = PBXGroup;
			children = (
				EFE0BCA31CC44A890088E964 /* Virtual Tourist */,
				EFE0BCBB1CC44A890088E964 /* Virtual TouristTests */,
				EFE0BCC61CC44A890088E964 /* Virtual TouristUITests */,
				EFE0BCA21CC44A890088E964 /* Products */,
			);
			sourceTree = "<group>";
		};
		EFE0BCA21CC44A890088E964 /* Products */ = {
			isa = PBXGroup;
			children = (
				EFE0BCA11CC44A890088E964 /* Virtual Tourist.app */,
				EFE0BCB81CC44A890088E964 /* Virtual TouristTests.xctest */,
				EFE0BCC31CC44A890088E964 /* Virtual TouristUITests.xctest */,
			);
			name = Products;
			sourceTree = "<group>";
		};
		EFE0BCA31CC44A890088E964 /* Virtual Tourist */ = {
			isa = PBXGroup;
			children = (
				271671A71CE8D1D100E6FA97 /* Model.xcdatamodeld */,
				EFE0BCD51CC483F60088E964 /* VTDB */,
				EFE0BCA41CC44A890088E964 /* AppDelegate.swift */,
				EFE0BCA61CC44A890088E964 /* TravelLocationsMapViewController.swift */,
				EFE0BCA81CC44A890088E964 /* Main.storyboard */,
				EFE0BCAE1CC44A890088E964 /* Assets.xcassets */,
				EFE0BCB01CC44A890088E964 /* LaunchScreen.storyboard */,
				EFE0BCB31CC44A890088E964 /* Info.plist */,
			);
			path = "Virtual Tourist";
			sourceTree = "<group>";
		};
		EFE0BCBB1CC44A890088E964 /* Virtual TouristTests */ = {
			isa = PBXGroup;
			children = (
				EFE0BCBC1CC44A890088E964 /* Virtual_TouristTests.swift */,
				EFE0BCBE1CC44A890088E964 /* Info.plist */,
			);
			path = "Virtual TouristTests";
			sourceTree = "<group>";
		};
		EFE0BCC61CC44A890088E964 /* Virtual TouristUITests */ = {
			isa = PBXGroup;
			children = (
				EFE0BCC71CC44A890088E964 /* Virtual_TouristUITests.swift */,
				EFE0BCC91CC44A890088E964 /* Info.plist */,
			);
			path = "Virtual TouristUITests";
			sourceTree = "<group>";
		};
		EFE0BCD51CC483F60088E964 /* VTDB */ = {
			isa = PBXGroup;
			children = (
				EFDBD1B51CCDD0690060DAE4 /* Config.swift */,
				EFDBD1B71CCDD0770060DAE4 /* Pin.swift */,
				EFDBD1B91CCDD0840060DAE4 /* Photo.swift */,
				EFDBD1BB1CCDD0A10060DAE4 /* VTDB.swift */,
				EFDBD1BD1CCDD0BB0060DAE4 /* VTDB-Constants.swift */,
				271671A31CE7B52900E6FA97 /* imageCache.swift */,
				271671A51CE8CFED00E6FA97 /* CoreDataStackManager.swift */,
			);
			name = VTDB;
			sourceTree = "<group>";
		};
/* End PBXGroup section */

/* Begin PBXNativeTarget section */
		EFE0BCA01CC44A890088E964 /* Virtual Tourist */ = {
			isa = PBXNativeTarget;
			buildConfigurationList = EFE0BCCC1CC44A890088E964 /* Build configuration list for PBXNativeTarget "Virtual Tourist" */;
			buildPhases = (
				EFE0BC9D1CC44A890088E964 /* Sources */,
				EFE0BC9E1CC44A890088E964 /* Frameworks */,
				EFE0BC9F1CC44A890088E964 /* Resources */,
			);
			buildRules = (
			);
			dependencies = (
			);
			name = "Virtual Tourist";
			productName = "Virtual Tourist";
			productReference = EFE0BCA11CC44A890088E964 /* Virtual Tourist.app */;
			productType = "com.apple.product-type.application";
		};
		EFE0BCB71CC44A890088E964 /* Virtual TouristTests */ = {
			isa = PBXNativeTarget;
			buildConfigurationList = EFE0BCCF1CC44A890088E964 /* Build configuration list for PBXNativeTarget "Virtual TouristTests" */;
			buildPhases = (
				EFE0BCB41CC44A890088E964 /* Sources */,
				EFE0BCB51CC44A890088E964 /* Frameworks */,
				EFE0BCB61CC44A890088E964 /* Resources */,
			);
			buildRules = (
			);
			dependencies = (
				EFE0BCBA1CC44A890088E964 /* PBXTargetDependency */,
			);
			name = "Virtual TouristTests";
			productName = "Virtual TouristTests";
			productReference = EFE0BCB81CC44A890088E964 /* Virtual TouristTests.xctest */;
			productType = "com.apple.product-type.bundle.unit-test";
		};
		EFE0BCC21CC44A890088E964 /* Virtual TouristUITests */ = {
			isa = PBXNativeTarget;
			buildConfigurationList = EFE0BCD21CC44A890088E964 /* Build configuration list for PBXNativeTarget "Virtual TouristUITests" */;
			buildPhases = (
				EFE0BCBF1CC44A890088E964 /* Sources */,
				EFE0BCC01CC44A890088E964 /* Frameworks */,
				EFE0BCC11CC44A890088E964 /* Resources */,
			);
			buildRules = (
			);
			dependencies = (
				EFE0BCC51CC44A890088E964 /* PBXTargetDependency */,
			);
			name = "Virtual TouristUITests";
			productName = "Virtual TouristUITests";
			productReference = EFE0BCC31CC44A890088E964 /* Virtual TouristUITests.xctest */;
			productType = "com.apple.product-type.bundle.ui-testing";
		};
/* End PBXNativeTarget section */

/* Begin PBXProject section */
		EFE0BC991CC44A890088E964 /* Project object */ = {
			isa = PBXProject;
			attributes = {
				LastSwiftUpdateCheck = 0720;
				LastUpgradeCheck = 0720;
				ORGANIZATIONNAME = "Long Wang";
				TargetAttributes = {
					EFE0BCA01CC44A890088E964 = {
						CreatedOnToolsVersion = 7.2.1;
					};
					EFE0BCB71CC44A890088E964 = {
						CreatedOnToolsVersion = 7.2.1;
						TestTargetID = EFE0BCA01CC44A890088E964;
					};
					EFE0BCC21CC44A890088E964 = {
						CreatedOnToolsVersion = 7.2.1;
						TestTargetID = EFE0BCA01CC44A890088E964;
					};
				};
			};
			buildConfigurationList = EFE0BC9C1CC44A890088E964 /* Build configuration list for PBXProject "Virtual Tourist" */;
			compatibilityVersion = "Xcode 3.2";
			developmentRegion = English;
			hasScannedForEncodings = 0;
			knownRegions = (
				en,
				Base,
			);
			mainGroup = EFE0BC981CC44A890088E964;
			productRefGroup = EFE0BCA21CC44A890088E964 /* Products */;
			projectDirPath = "";
			projectRoot = "";
			targets = (
				EFE0BCA01CC44A890088E964 /* Virtual Tourist */,
				EFE0BCB71CC44A890088E964 /* Virtual TouristTests */,
				EFE0BCC21CC44A890088E964 /* Virtual TouristUITests */,
			);
		};
/* End PBXProject section */

/* Begin PBXResourcesBuildPhase section */
		EFE0BC9F1CC44A890088E964 /* Resources */ = {
			isa = PBXResourcesBuildPhase;
			buildActionMask = 2147483647;
			files = (
				EFE0BCB21CC44A890088E964 /* LaunchScreen.storyboard in Resources */,
				EFE0BCAF1CC44A890088E964 /* Assets.xcassets in Resources */,
				EFE0BCAA1CC44A890088E964 /* Main.storyboard in Resources */,
			);
			runOnlyForDeploymentPostprocessing = 0;
		};
		EFE0BCB61CC44A890088E964 /* Resources */ = {
			isa = PBXResourcesBuildPhase;
			buildActionMask = 2147483647;
			files = (
			);
			runOnlyForDeploymentPostprocessing = 0;
		};
		EFE0BCC11CC44A890088E964 /* Resources */ = {
			isa = PBXResourcesBuildPhase;
			buildActionMask = 2147483647;
			files = (
			);
			runOnlyForDeploymentPostprocessing = 0;
		};
/* End PBXResourcesBuildPhase section */

/* Begin PBXSourcesBuildPhase section */
		EFE0BC9D1CC44A890088E964 /* Sources */ = {
			isa = PBXSourcesBuildPhase;
			buildActionMask = 2147483647;
			files = (
				EFDBD1BA1CCDD0840060DAE4 /* Photo.swift in Sources */,
				EFDBD1BE1CCDD0BB0060DAE4 /* VTDB-Constants.swift in Sources */,
				271671A61CE8CFED00E6FA97 /* CoreDataStackManager.swift in Sources */,
				EFDBD1B81CCDD0770060DAE4 /* Pin.swift in Sources */,
				EFE0BCA71CC44A890088E964 /* TravelLocationsMapViewController.swift in Sources */,
				EFDBD1B61CCDD0690060DAE4 /* Config.swift in Sources */,
				EFDBD1BC1CCDD0A10060DAE4 /* VTDB.swift in Sources */,
				271671A91CE8D1D100E6FA97 /* Model.xcdatamodeld in Sources */,
				271671A41CE7B52900E6FA97 /* imageCache.swift in Sources */,
				EFE0BCA51CC44A890088E964 /* AppDelegate.swift in Sources */,
			);
			runOnlyForDeploymentPostprocessing = 0;
		};
		EFE0BCB41CC44A890088E964 /* Sources */ = {
			isa = PBXSourcesBuildPhase;
			buildActionMask = 2147483647;
			files = (
				EFE0BCBD1CC44A890088E964 /* Virtual_TouristTests.swift in Sources */,
			);
			runOnlyForDeploymentPostprocessing = 0;
		};
		EFE0BCBF1CC44A890088E964 /* Sources */ = {
			isa = PBXSourcesBuildPhase;
			buildActionMask = 2147483647;
			files = (
				EFE0BCC81CC44A890088E964 /* Virtual_TouristUITests.swift in Sources */,
			);
			runOnlyForDeploymentPostprocessing = 0;
		};
/* End PBXSourcesBuildPhase section */

/* Begin PBXTargetDependency section */
		EFE0BCBA1CC44A890088E964 /* PBXTargetDependency */ = {
			isa = PBXTargetDependency;
			target = EFE0BCA01CC44A890088E964 /* Virtual Tourist */;
			targetProxy = EFE0BCB91CC44A890088E964 /* PBXContainerItemProxy */;
		};
		EFE0BCC51CC44A890088E964 /* PBXTargetDependency */ = {
			isa = PBXTargetDependency;
			target = EFE0BCA01CC44A890088E964 /* Virtual Tourist */;
			targetProxy = EFE0BCC41CC44A890088E964 /* PBXContainerItemProxy */;
		};
/* End PBXTargetDependency section */

/* Begin PBXVariantGroup section */
		EFE0BCA81CC44A890088E964 /* Main.storyboard */ = {
			isa = PBXVariantGroup;
			children = (
				EFE0BCA91CC44A890088E964 /* Base */,
			);
			name = Main.storyboard;
			sourceTree = "<group>";
		};
		EFE0BCB01CC44A890088E964 /* LaunchScreen.storyboard */ = {
			isa = PBXVariantGroup;
			children = (
				EFE0BCB11CC44A890088E964 /* Base */,
			);
			name = LaunchScreen.storyboard;
			sourceTree = "<group>";
		};
/* End PBXVariantGroup section */

/* Begin XCBuildConfiguration section */
		EFE0BCCA1CC44A890088E964 /* Debug */ = {
			isa = XCBuildConfiguration;
			buildSettings = {
				ALWAYS_SEARCH_USER_PATHS = NO;
				CLANG_CXX_LANGUAGE_STANDARD = "gnu++0x";
				CLANG_CXX_LIBRARY = "libc++";
				CLANG_ENABLE_MODULES = YES;
				CLANG_ENABLE_OBJC_ARC = YES;
				CLANG_WARN_BOOL_CONVERSION = YES;
				CLANG_WARN_CONSTANT_CONVERSION = YES;
				CLANG_WARN_DIRECT_OBJC_ISA_USAGE = YES_ERROR;
				CLANG_WARN_EMPTY_BODY = YES;
				CLANG_WARN_ENUM_CONVERSION = YES;
				CLANG_WARN_INT_CONVERSION = YES;
				CLANG_WARN_OBJC_ROOT_CLASS = YES_ERROR;
				CLANG_WARN_UNREACHABLE_CODE = YES;
				CLANG_WARN__DUPLICATE_METHOD_MATCH = YES;
				"CODE_SIGN_IDENTITY[sdk=iphoneos*]" = "iPhone Developer";
				COPY_PHASE_STRIP = NO;
				DEBUG_INFORMATION_FORMAT = dwarf;
				ENABLE_STRICT_OBJC_MSGSEND = YES;
				ENABLE_TESTABILITY = YES;
				GCC_C_LANGUAGE_STANDARD = gnu99;
				GCC_DYNAMIC_NO_PIC = NO;
				GCC_NO_COMMON_BLOCKS = YES;
				GCC_OPTIMIZATION_LEVEL = 0;
				GCC_PREPROCESSOR_DEFINITIONS = (
					"DEBUG=1",
					"$(inherited)",
				);
				GCC_WARN_64_TO_32_BIT_CONVERSION = YES;
				GCC_WARN_ABOUT_RETURN_TYPE = YES_ERROR;
				GCC_WARN_UNDECLARED_SELECTOR = YES;
				GCC_WARN_UNINITIALIZED_AUTOS = YES_AGGRESSIVE;
				GCC_WARN_UNUSED_FUNCTION = YES;
				GCC_WARN_UNUSED_VARIABLE = YES;
				IPHONEOS_DEPLOYMENT_TARGET = 9.2;
				MTL_ENABLE_DEBUG_INFO = YES;
				ONLY_ACTIVE_ARCH = YES;
				SDKROOT = iphoneos;
				SWIFT_OPTIMIZATION_LEVEL = "-Onone";
			};
			name = Debug;
		};
		EFE0BCCB1CC44A890088E964 /* Release */ = {
			isa = XCBuildConfiguration;
			buildSettings = {
				ALWAYS_SEARCH_USER_PATHS = NO;
				CLANG_CXX_LANGUAGE_STANDARD = "gnu++0x";
				CLANG_CXX_LIBRARY = "libc++";
				CLANG_ENABLE_MODULES = YES;
				CLANG_ENABLE_OBJC_ARC = YES;
				CLANG_WARN_BOOL_CONVERSION = YES;
				CLANG_WARN_CONSTANT_CONVERSION = YES;
				CLANG_WARN_DIRECT_OBJC_ISA_USAGE = YES_ERROR;
				CLANG_WARN_EMPTY_BODY = YES;
				CLANG_WARN_ENUM_CONVERSION = YES;
				CLANG_WARN_INT_CONVERSION = YES;
				CLANG_WARN_OBJC_ROOT_CLASS = YES_ERROR;
				CLANG_WARN_UNREACHABLE_CODE = YES;
				CLANG_WARN__DUPLICATE_METHOD_MATCH = YES;
				"CODE_SIGN_IDENTITY[sdk=iphoneos*]" = "iPhone Developer";
				COPY_PHASE_STRIP = NO;
				DEBUG_INFORMATION_FORMAT = "dwarf-with-dsym";
				ENABLE_NS_ASSERTIONS = NO;
				ENABLE_STRICT_OBJC_MSGSEND = YES;
				GCC_C_LANGUAGE_STANDARD = gnu99;
				GCC_NO_COMMON_BLOCKS = YES;
				GCC_WARN_64_TO_32_BIT_CONVERSION = YES;
				GCC_WARN_ABOUT_RETURN_TYPE = YES_ERROR;
				GCC_WARN_UNDECLARED_SELECTOR = YES;
				GCC_WARN_UNINITIALIZED_AUTOS = YES_AGGRESSIVE;
				GCC_WARN_UNUSED_FUNCTION = YES;
				GCC_WARN_UNUSED_VARIABLE = YES;
				IPHONEOS_DEPLOYMENT_TARGET = 9.2;
				MTL_ENABLE_DEBUG_INFO = NO;
				SDKROOT = iphoneos;
				VALIDATE_PRODUCT = YES;
			};
			name = Release;
		};
		EFE0BCCD1CC44A890088E964 /* Debug */ = {
			isa = XCBuildConfiguration;
			buildSettings = {
				ASSETCATALOG_COMPILER_APPICON_NAME = AppIcon;
				INFOPLIST_FILE = "Virtual Tourist/Info.plist";
				LD_RUNPATH_SEARCH_PATHS = "$(inherited) @executable_path/Frameworks";
				PRODUCT_BUNDLE_IDENTIFIER = "com.wanglong.Virtual-Tourist";
				PRODUCT_NAME = "$(TARGET_NAME)";
			};
			name = Debug;
		};
		EFE0BCCE1CC44A890088E964 /* Release */ = {
			isa = XCBuildConfiguration;
			buildSettings = {
				ASSETCATALOG_COMPILER_APPICON_NAME = AppIcon;
				INFOPLIST_FILE = "Virtual Tourist/Info.plist";
				LD_RUNPATH_SEARCH_PATHS = "$(inherited) @executable_path/Frameworks";
				PRODUCT_BUNDLE_IDENTIFIER = "com.wanglong.Virtual-Tourist";
				PRODUCT_NAME = "$(TARGET_NAME)";
			};
			name = Release;
		};
		EFE0BCD01CC44A890088E964 /* Debug */ = {
			isa = XCBuildConfiguration;
			buildSettings = {
				BUNDLE_LOADER = "$(TEST_HOST)";
				INFOPLIST_FILE = "Virtual TouristTests/Info.plist";
				LD_RUNPATH_SEARCH_PATHS = "$(inherited) @executable_path/Frameworks @loader_path/Frameworks";
				PRODUCT_BUNDLE_IDENTIFIER = "com.wanglong.Virtual-TouristTests";
				PRODUCT_NAME = "$(TARGET_NAME)";
				TEST_HOST = "$(BUILT_PRODUCTS_DIR)/Virtual Tourist.app/Virtual Tourist";
			};
			name = Debug;
		};
		EFE0BCD11CC44A890088E964 /* Release */ = {
			isa = XCBuildConfiguration;
			buildSettings = {
				BUNDLE_LOADER = "$(TEST_HOST)";
				INFOPLIST_FILE = "Virtual TouristTests/Info.plist";
				LD_RUNPATH_SEARCH_PATHS = "$(inherited) @executable_path/Frameworks @loader_path/Frameworks";
				PRODUCT_BUNDLE_IDENTIFIER = "com.wanglong.Virtual-TouristTests";
				PRODUCT_NAME = "$(TARGET_NAME)";
				TEST_HOST = "$(BUILT_PRODUCTS_DIR)/Virtual Tourist.app/Virtual Tourist";
			};
			name = Release;
		};
		EFE0BCD31CC44A890088E964 /* Debug */ = {
			isa = XCBuildConfiguration;
			buildSettings = {
				INFOPLIST_FILE = "Virtual TouristUITests/Info.plist";
				LD_RUNPATH_SEARCH_PATHS = "$(inherited) @executable_path/Frameworks @loader_path/Frameworks";
				PRODUCT_BUNDLE_IDENTIFIER = "com.wanglong.Virtual-TouristUITests";
				PRODUCT_NAME = "$(TARGET_NAME)";
				TEST_TARGET_NAME = "Virtual Tourist";
				USES_XCTRUNNER = YES;
			};
			name = Debug;
		};
		EFE0BCD41CC44A890088E964 /* Release */ = {
			isa = XCBuildConfiguration;
			buildSettings = {
				INFOPLIST_FILE = "Virtual TouristUITests/Info.plist";
				LD_RUNPATH_SEARCH_PATHS = "$(inherited) @executable_path/Frameworks @loader_path/Frameworks";
				PRODUCT_BUNDLE_IDENTIFIER = "com.wanglong.Virtual-TouristUITests";
				PRODUCT_NAME = "$(TARGET_NAME)";
				TEST_TARGET_NAME = "Virtual Tourist";
				USES_XCTRUNNER = YES;
			};
			name = Release;
		};
/* End XCBuildConfiguration section */

/* Begin XCConfigurationList section */
		EFE0BC9C1CC44A890088E964 /* Build configuration list for PBXProject "Virtual Tourist" */ = {
			isa = XCConfigurationList;
			buildConfigurations = (
				EFE0BCCA1CC44A890088E964 /* Debug */,
				EFE0BCCB1CC44A890088E964 /* Release */,
			);
			defaultConfigurationIsVisible = 0;
			defaultConfigurationName = Release;
		};
		EFE0BCCC1CC44A890088E964 /* Build configuration list for PBXNativeTarget "Virtual Tourist" */ = {
			isa = XCConfigurationList;
			buildConfigurations = (
				EFE0BCCD1CC44A890088E964 /* Debug */,
				EFE0BCCE1CC44A890088E964 /* Release */,
			);
			defaultConfigurationIsVisible = 0;
			defaultConfigurationName = Release;
		};
		EFE0BCCF1CC44A890088E964 /* Build configuration list for PBXNativeTarget "Virtual TouristTests" */ = {
			isa = XCConfigurationList;
			buildConfigurations = (
				EFE0BCD01CC44A890088E964 /* Debug */,
				EFE0BCD11CC44A890088E964 /* Release */,
			);
			defaultConfigurationIsVisible = 0;
			defaultConfigurationName = Release;
		};
		EFE0BCD21CC44A890088E964 /* Build configuration list for PBXNativeTarget "Virtual TouristUITests" */ = {
			isa = XCConfigurationList;
			buildConfigurations = (
				EFE0BCD31CC44A890088E964 /* Debug */,
				EFE0BCD41CC44A890088E964 /* Release */,
			);
			defaultConfigurationIsVisible = 0;
			defaultConfigurationName = Release;
		};
/* End XCConfigurationList section */

/* Begin XCVersionGroup section */
		271671A71CE8D1D100E6FA97 /* Model.xcdatamodeld */ = {
			isa = XCVersionGroup;
			children = (
				271671A81CE8D1D100E6FA97 /* Model.xcdatamodel */,
			);
			currentVersion = 271671A81CE8D1D100E6FA97 /* Model.xcdatamodel */;
			name = Model.xcdatamodeld;
			path = ../Model.xcdatamodeld;
			sourceTree = "<group>";
			versionGroupType = wrapper.xcdatamodel;
		};
/* End XCVersionGroup section */
	};
	rootObject = EFE0BC991CC44A890088E964 /* Project object */;
}
